// !$*UTF8*$!
{
	archiveVersion = 1;
	classes = {
	};
	objectVersion = 77;
	objects = {

/* Begin PBXBuildFile section */
		F7465CD42D8D938300C815DB /* GoogleGenerativeAI in Frameworks */ = {isa = PBXBuildFile; productRef = F7465CD32D8D938300C815DB /* GoogleGenerativeAI */; };
		F7AFC1E42D8ECF0F00BFE10F /* MarkdownUI in Frameworks */ = {isa = PBXBuildFile; productRef = F7AFC1E32D8ECF0F00BFE10F /* MarkdownUI */; };
		F7FCE17E2D8951C50032C827 /* WordVaultShareExtension.appex in Embed Foundation Extensions */ = {isa = PBXBuildFile; fileRef = F7FCE1742D8951C50032C827 /* WordVaultShareExtension.appex */; settings = {ATTRIBUTES = (RemoveHeadersOnCopy, ); }; };
/* End PBXBuildFile section */

/* Begin PBXContainerItemProxy section */
		C737EE2F2D85029500DC5168 /* PBXContainerItemProxy */ = {
			isa = PBXContainerItemProxy;
			containerPortal = C737EE142D85029400DC5168 /* Project object */;
			proxyType = 1;
			remoteGlobalIDString = C737EE1B2D85029400DC5168;
			remoteInfo = WordVault;
		};
		C737EE392D85029500DC5168 /* PBXContainerItemProxy */ = {
			isa = PBXContainerItemProxy;
			containerPortal = C737EE142D85029400DC5168 /* Project object */;
			proxyType = 1;
			remoteGlobalIDString = C737EE1B2D85029400DC5168;
			remoteInfo = WordVault;
		};
		F7FCE17C2D8951C50032C827 /* PBXContainerItemProxy */ = {
			isa = PBXContainerItemProxy;
			containerPortal = C737EE142D85029400DC5168 /* Project object */;
			proxyType = 1;
			remoteGlobalIDString = F7FCE1732D8951C50032C827;
			remoteInfo = WordVaultShareExtension;
		};
/* End PBXContainerItemProxy section */

/* Begin PBXCopyFilesBuildPhase section */
		F7FCE1832D8951C50032C827 /* Embed Foundation Extensions */ = {
			isa = PBXCopyFilesBuildPhase;
			buildActionMask = 2147483647;
			dstPath = "";
			dstSubfolderSpec = 13;
			files = (
				F7FCE17E2D8951C50032C827 /* WordVaultShareExtension.appex in Embed Foundation Extensions */,
			);
			name = "Embed Foundation Extensions";
			runOnlyForDeploymentPostprocessing = 0;
		};
/* End PBXCopyFilesBuildPhase section */

/* Begin PBXFileReference section */
		C737EE1C2D85029400DC5168 /* WordVault.app */ = {isa = PBXFileReference; explicitFileType = wrapper.application; includeInIndex = 0; path = WordVault.app; sourceTree = BUILT_PRODUCTS_DIR; };
		C737EE2E2D85029500DC5168 /* WordVaultTests.xctest */ = {isa = PBXFileReference; explicitFileType = wrapper.cfbundle; includeInIndex = 0; path = WordVaultTests.xctest; sourceTree = BUILT_PRODUCTS_DIR; };
		C737EE382D85029500DC5168 /* WordVaultUITests.xctest */ = {isa = PBXFileReference; explicitFileType = wrapper.cfbundle; includeInIndex = 0; path = WordVaultUITests.xctest; sourceTree = BUILT_PRODUCTS_DIR; };
		F7FCE1742D8951C50032C827 /* WordVaultShareExtension.appex */ = {isa = PBXFileReference; explicitFileType = "wrapper.app-extension"; includeInIndex = 0; path = WordVaultShareExtension.appex; sourceTree = BUILT_PRODUCTS_DIR; };
/* End PBXFileReference section */

/* Begin PBXFileSystemSynchronizedBuildFileExceptionSet section */
		F71C78F42D89849E0043EBC8 /* Exceptions for "WordVault" folder in "WordVaultShareExtension" target */ = {
			isa = PBXFileSystemSynchronizedBuildFileExceptionSet;
			membershipExceptions = (
				Models/PhraseModel.swift,
				Models/SortOption.swift,
				Models/WordModel.swift,
				Services/DictionaryService.swift,
			);
			target = F7FCE1732D8951C50032C827 /* WordVaultShareExtension */;
		};
		F7FCE17F2D8951C50032C827 /* Exceptions for "WordVaultShareExtension" folder in "WordVaultShareExtension" target */ = {
			isa = PBXFileSystemSynchronizedBuildFileExceptionSet;
			membershipExceptions = (
				Info.plist,
			);
			target = F7FCE1732D8951C50032C827 /* WordVaultShareExtension */;
		};
/* End PBXFileSystemSynchronizedBuildFileExceptionSet section */

/* Begin PBXFileSystemSynchronizedRootGroup section */
		C737EE1E2D85029400DC5168 /* WordVault */ = {
			isa = PBXFileSystemSynchronizedRootGroup;
			exceptions = (
				F71C78F42D89849E0043EBC8 /* Exceptions for "WordVault" folder in "WordVaultShareExtension" target */,
			);
			path = WordVault;
			sourceTree = "<group>";
		};
		F7FCE1752D8951C50032C827 /* WordVaultShareExtension */ = {
			isa = PBXFileSystemSynchronizedRootGroup;
			exceptions = (
				F7FCE17F2D8951C50032C827 /* Exceptions for "WordVaultShareExtension" folder in "WordVaultShareExtension" target */,
			);
			path = WordVaultShareExtension;
			sourceTree = "<group>";
		};
/* End PBXFileSystemSynchronizedRootGroup section */

/* Begin PBXFrameworksBuildPhase section */
		C737EE192D85029400DC5168 /* Frameworks */ = {
			isa = PBXFrameworksBuildPhase;
			buildActionMask = 2147483647;
			files = (
				F7465CD42D8D938300C815DB /* GoogleGenerativeAI in Frameworks */,
				F7AFC1E42D8ECF0F00BFE10F /* MarkdownUI in Frameworks */,
			);
			runOnlyForDeploymentPostprocessing = 0;
		};
		C737EE2B2D85029500DC5168 /* Frameworks */ = {
			isa = PBXFrameworksBuildPhase;
			buildActionMask = 2147483647;
			files = (
			);
			runOnlyForDeploymentPostprocessing = 0;
		};
		C737EE352D85029500DC5168 /* Frameworks */ = {
			isa = PBXFrameworksBuildPhase;
			buildActionMask = 2147483647;
			files = (
			);
			runOnlyForDeploymentPostprocessing = 0;
		};
		F7FCE1712D8951C50032C827 /* Frameworks */ = {
			isa = PBXFrameworksBuildPhase;
			buildActionMask = 2147483647;
			files = (
			);
			runOnlyForDeploymentPostprocessing = 0;
		};
/* End PBXFrameworksBuildPhase section */

/* Begin PBXGroup section */
		C737EE132D85029400DC5168 = {
			isa = PBXGroup;
			children = (
				C737EE1E2D85029400DC5168 /* WordVault */,
				F7FCE1752D8951C50032C827 /* WordVaultShareExtension */,
				C737EE1D2D85029400DC5168 /* Products */,
			);
			sourceTree = "<group>";
		};
		C737EE1D2D85029400DC5168 /* Products */ = {
			isa = PBXGroup;
			children = (
				C737EE1C2D85029400DC5168 /* WordVault.app */,
				C737EE2E2D85029500DC5168 /* WordVaultTests.xctest */,
				C737EE382D85029500DC5168 /* WordVaultUITests.xctest */,
				F7FCE1742D8951C50032C827 /* WordVaultShareExtension.appex */,
			);
			name = Products;
			sourceTree = "<group>";
		};
/* End PBXGroup section */

/* Begin PBXNativeTarget section */
		C737EE1B2D85029400DC5168 /* WordVault */ = {
			isa = PBXNativeTarget;
			buildConfigurationList = C737EE422D85029500DC5168 /* Build configuration list for PBXNativeTarget "WordVault" */;
			buildPhases = (
				C737EE182D85029400DC5168 /* Sources */,
				C737EE192D85029400DC5168 /* Frameworks */,
				C737EE1A2D85029400DC5168 /* Resources */,
				F7FCE1832D8951C50032C827 /* Embed Foundation Extensions */,
			);
			buildRules = (
			);
			dependencies = (
				F7FCE17D2D8951C50032C827 /* PBXTargetDependency */,
			);
			fileSystemSynchronizedGroups = (
				C737EE1E2D85029400DC5168 /* WordVault */,
			);
			name = WordVault;
			packageProductDependencies = (
				F7465CD32D8D938300C815DB /* GoogleGenerativeAI */,
				F7AFC1E32D8ECF0F00BFE10F /* MarkdownUI */,
			);
			productName = WordVault;
			productReference = C737EE1C2D85029400DC5168 /* WordVault.app */;
			productType = "com.apple.product-type.application";
		};
		C737EE2D2D85029500DC5168 /* WordVaultTests */ = {
			isa = PBXNativeTarget;
			buildConfigurationList = C737EE452D85029500DC5168 /* Build configuration list for PBXNativeTarget "WordVaultTests" */;
			buildPhases = (
				C737EE2A2D85029500DC5168 /* Sources */,
				C737EE2B2D85029500DC5168 /* Frameworks */,
				C737EE2C2D85029500DC5168 /* Resources */,
			);
			buildRules = (
			);
			dependencies = (
				C737EE302D85029500DC5168 /* PBXTargetDependency */,
			);
			name = WordVaultTests;
			packageProductDependencies = (
			);
			productName = WordVaultTests;
			productReference = C737EE2E2D85029500DC5168 /* WordVaultTests.xctest */;
			productType = "com.apple.product-type.bundle.unit-test";
		};
		C737EE372D85029500DC5168 /* WordVaultUITests */ = {
			isa = PBXNativeTarget;
			buildConfigurationList = C737EE482D85029500DC5168 /* Build configuration list for PBXNativeTarget "WordVaultUITests" */;
			buildPhases = (
				C737EE342D85029500DC5168 /* Sources */,
				C737EE352D85029500DC5168 /* Frameworks */,
				C737EE362D85029500DC5168 /* Resources */,
			);
			buildRules = (
			);
			dependencies = (
				C737EE3A2D85029500DC5168 /* PBXTargetDependency */,
			);
			name = WordVaultUITests;
			packageProductDependencies = (
			);
			productName = WordVaultUITests;
			productReference = C737EE382D85029500DC5168 /* WordVaultUITests.xctest */;
			productType = "com.apple.product-type.bundle.ui-testing";
		};
		F7FCE1732D8951C50032C827 /* WordVaultShareExtension */ = {
			isa = PBXNativeTarget;
			buildConfigurationList = F7FCE1802D8951C50032C827 /* Build configuration list for PBXNativeTarget "WordVaultShareExtension" */;
			buildPhases = (
				F7FCE1702D8951C50032C827 /* Sources */,
				F7FCE1712D8951C50032C827 /* Frameworks */,
				F7FCE1722D8951C50032C827 /* Resources */,
			);
			buildRules = (
			);
			dependencies = (
			);
			fileSystemSynchronizedGroups = (
				F7FCE1752D8951C50032C827 /* WordVaultShareExtension */,
			);
			name = WordVaultShareExtension;
			packageProductDependencies = (
			);
			productName = WordVaultShareExtension;
			productReference = F7FCE1742D8951C50032C827 /* WordVaultShareExtension.appex */;
			productType = "com.apple.product-type.app-extension";
		};
/* End PBXNativeTarget section */

/* Begin PBXProject section */
		C737EE142D85029400DC5168 /* Project object */ = {
			isa = PBXProject;
			attributes = {
				BuildIndependentTargetsInParallel = 1;
				LastSwiftUpdateCheck = 1620;
				LastUpgradeCheck = 1610;
				TargetAttributes = {
					C737EE1B2D85029400DC5168 = {
						CreatedOnToolsVersion = 16.1;
					};
					C737EE2D2D85029500DC5168 = {
						CreatedOnToolsVersion = 16.1;
						TestTargetID = C737EE1B2D85029400DC5168;
					};
					C737EE372D85029500DC5168 = {
						CreatedOnToolsVersion = 16.1;
						TestTargetID = C737EE1B2D85029400DC5168;
					};
					F7FCE1732D8951C50032C827 = {
						CreatedOnToolsVersion = 16.2;
					};
				};
			};
			buildConfigurationList = C737EE172D85029400DC5168 /* Build configuration list for PBXProject "WordVault" */;
			developmentRegion = en;
			hasScannedForEncodings = 0;
			knownRegions = (
				en,
				Base,
			);
			mainGroup = C737EE132D85029400DC5168;
			minimizedProjectReferenceProxies = 1;
			packageReferences = (
				F7465CD22D8D933300C815DB /* XCRemoteSwiftPackageReference "generative-ai-swift" */,
				F7AFC1E22D8ECF0F00BFE10F /* XCRemoteSwiftPackageReference "swift-markdown-ui" */,
			);
			preferredProjectObjectVersion = 77;
			productRefGroup = C737EE1D2D85029400DC5168 /* Products */;
			projectDirPath = "";
			projectRoot = "";
			targets = (
				C737EE1B2D85029400DC5168 /* WordVault */,
				C737EE2D2D85029500DC5168 /* WordVaultTests */,
				C737EE372D85029500DC5168 /* WordVaultUITests */,
				F7FCE1732D8951C50032C827 /* WordVaultShareExtension */,
			);
		};
/* End PBXProject section */

/* Begin PBXResourcesBuildPhase section */
		C737EE1A2D85029400DC5168 /* Resources */ = {
			isa = PBXResourcesBuildPhase;
			buildActionMask = 2147483647;
			files = (
			);
			runOnlyForDeploymentPostprocessing = 0;
		};
		C737EE2C2D85029500DC5168 /* Resources */ = {
			isa = PBXResourcesBuildPhase;
			buildActionMask = 2147483647;
			files = (
			);
			runOnlyForDeploymentPostprocessing = 0;
		};
		C737EE362D85029500DC5168 /* Resources */ = {
			isa = PBXResourcesBuildPhase;
			buildActionMask = 2147483647;
			files = (
			);
			runOnlyForDeploymentPostprocessing = 0;
		};
		F7FCE1722D8951C50032C827 /* Resources */ = {
			isa = PBXResourcesBuildPhase;
			buildActionMask = 2147483647;
			files = (
			);
			runOnlyForDeploymentPostprocessing = 0;
		};
/* End PBXResourcesBuildPhase section */

/* Begin PBXSourcesBuildPhase section */
		C737EE182D85029400DC5168 /* Sources */ = {
			isa = PBXSourcesBuildPhase;
			buildActionMask = 2147483647;
			files = (
			);
			runOnlyForDeploymentPostprocessing = 0;
		};
		C737EE2A2D85029500DC5168 /* Sources */ = {
			isa = PBXSourcesBuildPhase;
			buildActionMask = 2147483647;
			files = (
			);
			runOnlyForDeploymentPostprocessing = 0;
		};
		C737EE342D85029500DC5168 /* Sources */ = {
			isa = PBXSourcesBuildPhase;
			buildActionMask = 2147483647;
			files = (
			);
			runOnlyForDeploymentPostprocessing = 0;
		};
		F7FCE1702D8951C50032C827 /* Sources */ = {
			isa = PBXSourcesBuildPhase;
			buildActionMask = 2147483647;
			files = (
			);
			runOnlyForDeploymentPostprocessing = 0;
		};
/* End PBXSourcesBuildPhase section */

/* Begin PBXTargetDependency section */
		C737EE302D85029500DC5168 /* PBXTargetDependency */ = {
			isa = PBXTargetDependency;
			target = C737EE1B2D85029400DC5168 /* WordVault */;
			targetProxy = C737EE2F2D85029500DC5168 /* PBXContainerItemProxy */;
		};
		C737EE3A2D85029500DC5168 /* PBXTargetDependency */ = {
			isa = PBXTargetDependency;
			target = C737EE1B2D85029400DC5168 /* WordVault */;
			targetProxy = C737EE392D85029500DC5168 /* PBXContainerItemProxy */;
		};
		F7FCE17D2D8951C50032C827 /* PBXTargetDependency */ = {
			isa = PBXTargetDependency;
			target = F7FCE1732D8951C50032C827 /* WordVaultShareExtension */;
			targetProxy = F7FCE17C2D8951C50032C827 /* PBXContainerItemProxy */;
		};
/* End PBXTargetDependency section */

/* Begin XCBuildConfiguration section */
		C737EE402D85029500DC5168 /* Debug */ = {
			isa = XCBuildConfiguration;
			buildSettings = {
				ALWAYS_SEARCH_USER_PATHS = NO;
				ASSETCATALOG_COMPILER_GENERATE_SWIFT_ASSET_SYMBOL_EXTENSIONS = YES;
				CLANG_ANALYZER_NONNULL = YES;
				CLANG_ANALYZER_NUMBER_OBJECT_CONVERSION = YES_AGGRESSIVE;
				CLANG_CXX_LANGUAGE_STANDARD = "gnu++20";
				CLANG_ENABLE_MODULES = YES;
				CLANG_ENABLE_OBJC_ARC = YES;
				CLANG_ENABLE_OBJC_WEAK = YES;
				CLANG_WARN_BLOCK_CAPTURE_AUTORELEASING = YES;
				CLANG_WARN_BOOL_CONVERSION = YES;
				CLANG_WARN_COMMA = YES;
				CLANG_WARN_CONSTANT_CONVERSION = YES;
				CLANG_WARN_DEPRECATED_OBJC_IMPLEMENTATIONS = YES;
				CLANG_WARN_DIRECT_OBJC_ISA_USAGE = YES_ERROR;
				CLANG_WARN_DOCUMENTATION_COMMENTS = YES;
				CLANG_WARN_EMPTY_BODY = YES;
				CLANG_WARN_ENUM_CONVERSION = YES;
				CLANG_WARN_INFINITE_RECURSION = YES;
				CLANG_WARN_INT_CONVERSION = YES;
				CLANG_WARN_NON_LITERAL_NULL_CONVERSION = YES;
				CLANG_WARN_OBJC_IMPLICIT_RETAIN_SELF = YES;
				CLANG_WARN_OBJC_LITERAL_CONVERSION = YES;
				CLANG_WARN_OBJC_ROOT_CLASS = YES_ERROR;
				CLANG_WARN_QUOTED_INCLUDE_IN_FRAMEWORK_HEADER = YES;
				CLANG_WARN_RANGE_LOOP_ANALYSIS = YES;
				CLANG_WARN_STRICT_PROTOTYPES = YES;
				CLANG_WARN_SUSPICIOUS_MOVE = YES;
				CLANG_WARN_UNGUARDED_AVAILABILITY = YES_AGGRESSIVE;
				CLANG_WARN_UNREACHABLE_CODE = YES;
				CLANG_WARN__DUPLICATE_METHOD_MATCH = YES;
				COPY_PHASE_STRIP = NO;
				DEBUG_INFORMATION_FORMAT = dwarf;
				ENABLE_STRICT_OBJC_MSGSEND = YES;
				ENABLE_TESTABILITY = YES;
				ENABLE_USER_SCRIPT_SANDBOXING = YES;
				GCC_C_LANGUAGE_STANDARD = gnu17;
				GCC_DYNAMIC_NO_PIC = NO;
				GCC_NO_COMMON_BLOCKS = YES;
				GCC_OPTIMIZATION_LEVEL = 0;
				GCC_PREPROCESSOR_DEFINITIONS = (
					"DEBUG=1",
					"$(inherited)",
				);
				GCC_WARN_64_TO_32_BIT_CONVERSION = YES;
				GCC_WARN_ABOUT_RETURN_TYPE = YES_ERROR;
				GCC_WARN_UNDECLARED_SELECTOR = YES;
				GCC_WARN_UNINITIALIZED_AUTOS = YES_AGGRESSIVE;
				GCC_WARN_UNUSED_FUNCTION = YES;
				GCC_WARN_UNUSED_VARIABLE = YES;
				IPHONEOS_DEPLOYMENT_TARGET = 18.1;
				LOCALIZATION_PREFERS_STRING_CATALOGS = YES;
				MTL_ENABLE_DEBUG_INFO = INCLUDE_SOURCE;
				MTL_FAST_MATH = YES;
				ONLY_ACTIVE_ARCH = YES;
				SDKROOT = iphoneos;
				SWIFT_ACTIVE_COMPILATION_CONDITIONS = "DEBUG $(inherited)";
				SWIFT_OPTIMIZATION_LEVEL = "-Onone";
			};
			name = Debug;
		};
		C737EE412D85029500DC5168 /* Release */ = {
			isa = XCBuildConfiguration;
			buildSettings = {
				ALWAYS_SEARCH_USER_PATHS = NO;
				ASSETCATALOG_COMPILER_GENERATE_SWIFT_ASSET_SYMBOL_EXTENSIONS = YES;
				CLANG_ANALYZER_NONNULL = YES;
				CLANG_ANALYZER_NUMBER_OBJECT_CONVERSION = YES_AGGRESSIVE;
				CLANG_CXX_LANGUAGE_STANDARD = "gnu++20";
				CLANG_ENABLE_MODULES = YES;
				CLANG_ENABLE_OBJC_ARC = YES;
				CLANG_ENABLE_OBJC_WEAK = YES;
				CLANG_WARN_BLOCK_CAPTURE_AUTORELEASING = YES;
				CLANG_WARN_BOOL_CONVERSION = YES;
				CLANG_WARN_COMMA = YES;
				CLANG_WARN_CONSTANT_CONVERSION = YES;
				CLANG_WARN_DEPRECATED_OBJC_IMPLEMENTATIONS = YES;
				CLANG_WARN_DIRECT_OBJC_ISA_USAGE = YES_ERROR;
				CLANG_WARN_DOCUMENTATION_COMMENTS = YES;
				CLANG_WARN_EMPTY_BODY = YES;
				CLANG_WARN_ENUM_CONVERSION = YES;
				CLANG_WARN_INFINITE_RECURSION = YES;
				CLANG_WARN_INT_CONVERSION = YES;
				CLANG_WARN_NON_LITERAL_NULL_CONVERSION = YES;
				CLANG_WARN_OBJC_IMPLICIT_RETAIN_SELF = YES;
				CLANG_WARN_OBJC_LITERAL_CONVERSION = YES;
				CLANG_WARN_OBJC_ROOT_CLASS = YES_ERROR;
				CLANG_WARN_QUOTED_INCLUDE_IN_FRAMEWORK_HEADER = YES;
				CLANG_WARN_RANGE_LOOP_ANALYSIS = YES;
				CLANG_WARN_STRICT_PROTOTYPES = YES;
				CLANG_WARN_SUSPICIOUS_MOVE = YES;
				CLANG_WARN_UNGUARDED_AVAILABILITY = YES_AGGRESSIVE;
				CLANG_WARN_UNREACHABLE_CODE = YES;
				CLANG_WARN__DUPLICATE_METHOD_MATCH = YES;
				COPY_PHASE_STRIP = NO;
				DEBUG_INFORMATION_FORMAT = "dwarf-with-dsym";
				ENABLE_NS_ASSERTIONS = NO;
				ENABLE_STRICT_OBJC_MSGSEND = YES;
				ENABLE_USER_SCRIPT_SANDBOXING = YES;
				GCC_C_LANGUAGE_STANDARD = gnu17;
				GCC_NO_COMMON_BLOCKS = YES;
				GCC_WARN_64_TO_32_BIT_CONVERSION = YES;
				GCC_WARN_ABOUT_RETURN_TYPE = YES_ERROR;
				GCC_WARN_UNDECLARED_SELECTOR = YES;
				GCC_WARN_UNINITIALIZED_AUTOS = YES_AGGRESSIVE;
				GCC_WARN_UNUSED_FUNCTION = YES;
				GCC_WARN_UNUSED_VARIABLE = YES;
				IPHONEOS_DEPLOYMENT_TARGET = 18.1;
				LOCALIZATION_PREFERS_STRING_CATALOGS = YES;
				MTL_ENABLE_DEBUG_INFO = NO;
				MTL_FAST_MATH = YES;
				SDKROOT = iphoneos;
				SWIFT_COMPILATION_MODE = wholemodule;
				VALIDATE_PRODUCT = YES;
			};
			name = Release;
		};
		C737EE432D85029500DC5168 /* Debug */ = {
			isa = XCBuildConfiguration;
			buildSettings = {
				ASSETCATALOG_COMPILER_APPICON_NAME = AppIcon;
				ASSETCATALOG_COMPILER_GLOBAL_ACCENT_COLOR_NAME = AccentColor;
				CODE_SIGN_ENTITLEMENTS = WordVault/WordVault.entitlements;
				CODE_SIGN_STYLE = Automatic;
				CURRENT_PROJECT_VERSION = 1;
				DEVELOPMENT_ASSET_PATHS = "\"WordVault/Preview Content\"";
				DEVELOPMENT_TEAM = "";
				ENABLE_PREVIEWS = YES;
				GENERATE_INFOPLIST_FILE = YES;
				INFOPLIST_KEY_UIApplicationSceneManifest_Generation = YES;
				INFOPLIST_KEY_UIApplicationSupportsIndirectInputEvents = YES;
				INFOPLIST_KEY_UILaunchScreen_Generation = YES;
				INFOPLIST_KEY_UISupportedInterfaceOrientations_iPad = "UIInterfaceOrientationPortrait UIInterfaceOrientationPortraitUpsideDown UIInterfaceOrientationLandscapeLeft UIInterfaceOrientationLandscapeRight";
				INFOPLIST_KEY_UISupportedInterfaceOrientations_iPhone = "UIInterfaceOrientationPortrait UIInterfaceOrientationLandscapeLeft UIInterfaceOrientationLandscapeRight";
				LD_RUNPATH_SEARCH_PATHS = (
					"$(inherited)",
					"@executable_path/Frameworks",
				);
				MARKETING_VERSION = 1.0;
				PRODUCT_BUNDLE_IDENTIFIER = "com.arun-guruswamy.WordVault";
				PRODUCT_NAME = "$(TARGET_NAME)";
				SWIFT_EMIT_LOC_STRINGS = YES;
				SWIFT_VERSION = 5.0;
				TARGETED_DEVICE_FAMILY = "1,2";
			};
			name = Debug;
		};
		C737EE442D85029500DC5168 /* Release */ = {
			isa = XCBuildConfiguration;
			buildSettings = {
				ASSETCATALOG_COMPILER_APPICON_NAME = AppIcon;
				ASSETCATALOG_COMPILER_GLOBAL_ACCENT_COLOR_NAME = AccentColor;
				CODE_SIGN_ENTITLEMENTS = WordVault/WordVault.entitlements;
				CODE_SIGN_STYLE = Automatic;
				CURRENT_PROJECT_VERSION = 1;
				DEVELOPMENT_ASSET_PATHS = "\"WordVault/Preview Content\"";
				DEVELOPMENT_TEAM = "";
				ENABLE_PREVIEWS = YES;
				GENERATE_INFOPLIST_FILE = YES;
				INFOPLIST_KEY_UIApplicationSceneManifest_Generation = YES;
				INFOPLIST_KEY_UIApplicationSupportsIndirectInputEvents = YES;
				INFOPLIST_KEY_UILaunchScreen_Generation = YES;
				INFOPLIST_KEY_UISupportedInterfaceOrientations_iPad = "UIInterfaceOrientationPortrait UIInterfaceOrientationPortraitUpsideDown UIInterfaceOrientationLandscapeLeft UIInterfaceOrientationLandscapeRight";
				INFOPLIST_KEY_UISupportedInterfaceOrientations_iPhone = "UIInterfaceOrientationPortrait UIInterfaceOrientationLandscapeLeft UIInterfaceOrientationLandscapeRight";
				LD_RUNPATH_SEARCH_PATHS = (
					"$(inherited)",
					"@executable_path/Frameworks",
				);
				MARKETING_VERSION = 1.0;
				PRODUCT_BUNDLE_IDENTIFIER = "com.arun-guruswamy.WordVault";
				PRODUCT_NAME = "$(TARGET_NAME)";
				SWIFT_EMIT_LOC_STRINGS = YES;
				SWIFT_VERSION = 5.0;
				TARGETED_DEVICE_FAMILY = "1,2";
			};
			name = Release;
		};
		C737EE462D85029500DC5168 /* Debug */ = {
			isa = XCBuildConfiguration;
			buildSettings = {
				BUNDLE_LOADER = "$(TEST_HOST)";
				CODE_SIGN_STYLE = Automatic;
				CURRENT_PROJECT_VERSION = 1;
				GENERATE_INFOPLIST_FILE = YES;
				IPHONEOS_DEPLOYMENT_TARGET = 18.1;
				MARKETING_VERSION = 1.0;
				PRODUCT_BUNDLE_IDENTIFIER = Arun.WordVaultTests;
				PRODUCT_NAME = "$(TARGET_NAME)";
				SWIFT_EMIT_LOC_STRINGS = NO;
				SWIFT_VERSION = 5.0;
				TARGETED_DEVICE_FAMILY = "1,2";
				TEST_HOST = "$(BUILT_PRODUCTS_DIR)/WordVault.app/$(BUNDLE_EXECUTABLE_FOLDER_PATH)/WordVault";
			};
			name = Debug;
		};
		C737EE472D85029500DC5168 /* Release */ = {
			isa = XCBuildConfiguration;
			buildSettings = {
				BUNDLE_LOADER = "$(TEST_HOST)";
				CODE_SIGN_STYLE = Automatic;
				CURRENT_PROJECT_VERSION = 1;
				GENERATE_INFOPLIST_FILE = YES;
				IPHONEOS_DEPLOYMENT_TARGET = 18.1;
				MARKETING_VERSION = 1.0;
				PRODUCT_BUNDLE_IDENTIFIER = Arun.WordVaultTests;
				PRODUCT_NAME = "$(TARGET_NAME)";
				SWIFT_EMIT_LOC_STRINGS = NO;
				SWIFT_VERSION = 5.0;
				TARGETED_DEVICE_FAMILY = "1,2";
				TEST_HOST = "$(BUILT_PRODUCTS_DIR)/WordVault.app/$(BUNDLE_EXECUTABLE_FOLDER_PATH)/WordVault";
			};
			name = Release;
		};
		C737EE492D85029500DC5168 /* Debug */ = {
			isa = XCBuildConfiguration;
			buildSettings = {
				CODE_SIGN_STYLE = Automatic;
				CURRENT_PROJECT_VERSION = 1;
				GENERATE_INFOPLIST_FILE = YES;
				MARKETING_VERSION = 1.0;
				PRODUCT_BUNDLE_IDENTIFIER = Arun.WordVaultUITests;
				PRODUCT_NAME = "$(TARGET_NAME)";
				SWIFT_EMIT_LOC_STRINGS = NO;
				SWIFT_VERSION = 5.0;
				TARGETED_DEVICE_FAMILY = "1,2";
				TEST_TARGET_NAME = WordVault;
			};
			name = Debug;
		};
		C737EE4A2D85029500DC5168 /* Release */ = {
			isa = XCBuildConfiguration;
			buildSettings = {
				CODE_SIGN_STYLE = Automatic;
				CURRENT_PROJECT_VERSION = 1;
				GENERATE_INFOPLIST_FILE = YES;
				MARKETING_VERSION = 1.0;
				PRODUCT_BUNDLE_IDENTIFIER = Arun.WordVaultUITests;
				PRODUCT_NAME = "$(TARGET_NAME)";
				SWIFT_EMIT_LOC_STRINGS = NO;
				SWIFT_VERSION = 5.0;
				TARGETED_DEVICE_FAMILY = "1,2";
				TEST_TARGET_NAME = WordVault;
			};
			name = Release;
		};
		F7FCE1812D8951C50032C827 /* Debug */ = {
			isa = XCBuildConfiguration;
			buildSettings = {
				CODE_SIGN_ENTITLEMENTS = WordVaultShareExtension/WordVaultShareExtension.entitlements;
				CODE_SIGN_STYLE = Automatic;
				CURRENT_PROJECT_VERSION = 1;
				DEVELOPMENT_TEAM = "";
				GENERATE_INFOPLIST_FILE = YES;
				INFOPLIST_FILE = WordVaultShareExtension/Info.plist;
				INFOPLIST_KEY_CFBundleDisplayName = "Word Vault";
				INFOPLIST_KEY_NSHumanReadableCopyright = "";
				IPHONEOS_DEPLOYMENT_TARGET = 18.2;
				LD_RUNPATH_SEARCH_PATHS = (
					"$(inherited)",
					"@executable_path/Frameworks",
					"@executable_path/../../Frameworks",
				);
				MARKETING_VERSION = 1.0;
				PRODUCT_BUNDLE_IDENTIFIER = "com.arun-guruswamy.WordVault.WordVaultShareExtension";
				PRODUCT_NAME = "$(TARGET_NAME)";
				SKIP_INSTALL = YES;
				SWIFT_EMIT_LOC_STRINGS = YES;
				SWIFT_VERSION = 5.0;
				TARGETED_DEVICE_FAMILY = "1,2";
			};
			name = Debug;
		};
		F7FCE1822D8951C50032C827 /* Release */ = {
			isa = XCBuildConfiguration;
			buildSettings = {
				CODE_SIGN_ENTITLEMENTS = WordVaultShareExtension/WordVaultShareExtension.entitlements;
				CODE_SIGN_STYLE = Automatic;
				CURRENT_PROJECT_VERSION = 1;
				DEVELOPMENT_TEAM = "";
				GENERATE_INFOPLIST_FILE = YES;
				INFOPLIST_FILE = WordVaultShareExtension/Info.plist;
				INFOPLIST_KEY_CFBundleDisplayName = "Word Vault";
				INFOPLIST_KEY_NSHumanReadableCopyright = "";
				IPHONEOS_DEPLOYMENT_TARGET = 18.2;
				LD_RUNPATH_SEARCH_PATHS = (
					"$(inherited)",
					"@executable_path/Frameworks",
					"@executable_path/../../Frameworks",
				);
				MARKETING_VERSION = 1.0;
				PRODUCT_BUNDLE_IDENTIFIER = "com.arun-guruswamy.WordVault.WordVaultShareExtension";
				PRODUCT_NAME = "$(TARGET_NAME)";
				SKIP_INSTALL = YES;
				SWIFT_EMIT_LOC_STRINGS = YES;
				SWIFT_VERSION = 5.0;
				TARGETED_DEVICE_FAMILY = "1,2";
			};
			name = Release;
		};
/* End XCBuildConfiguration section */

/* Begin XCConfigurationList section */
		C737EE172D85029400DC5168 /* Build configuration list for PBXProject "WordVault" */ = {
			isa = XCConfigurationList;
			buildConfigurations = (
				C737EE402D85029500DC5168 /* Debug */,
				C737EE412D85029500DC5168 /* Release */,
			);
			defaultConfigurationIsVisible = 0;
			defaultConfigurationName = Release;
		};
		C737EE422D85029500DC5168 /* Build configuration list for PBXNativeTarget "WordVault" */ = {
			isa = XCConfigurationList;
			buildConfigurations = (
				C737EE432D85029500DC5168 /* Debug */,
				C737EE442D85029500DC5168 /* Release */,
			);
			defaultConfigurationIsVisible = 0;
			defaultConfigurationName = Release;
		};
		C737EE452D85029500DC5168 /* Build configuration list for PBXNativeTarget "WordVaultTests" */ = {
			isa = XCConfigurationList;
			buildConfigurations = (
				C737EE462D85029500DC5168 /* Debug */,
				C737EE472D85029500DC5168 /* Release */,
			);
			defaultConfigurationIsVisible = 0;
			defaultConfigurationName = Release;
		};
		C737EE482D85029500DC5168 /* Build configuration list for PBXNativeTarget "WordVaultUITests" */ = {
			isa = XCConfigurationList;
			buildConfigurations = (
				C737EE492D85029500DC5168 /* Debug */,
				C737EE4A2D85029500DC5168 /* Release */,
			);
			defaultConfigurationIsVisible = 0;
			defaultConfigurationName = Release;
		};
		F7FCE1802D8951C50032C827 /* Build configuration list for PBXNativeTarget "WordVaultShareExtension" */ = {
			isa = XCConfigurationList;
			buildConfigurations = (
				F7FCE1812D8951C50032C827 /* Debug */,
				F7FCE1822D8951C50032C827 /* Release */,
			);
			defaultConfigurationIsVisible = 0;
			defaultConfigurationName = Release;
		};
/* End XCConfigurationList section */

/* Begin XCRemoteSwiftPackageReference section */
		F7465CD22D8D933300C815DB /* XCRemoteSwiftPackageReference "generative-ai-swift" */ = {
			isa = XCRemoteSwiftPackageReference;
			repositoryURL = "https://github.com/google-gemini/generative-ai-swift";
			requirement = {
				kind = upToNextMajorVersion;
				minimumVersion = 0.5.6;
			};
		};
		F7AFC1E22D8ECF0F00BFE10F /* XCRemoteSwiftPackageReference "swift-markdown-ui" */ = {
			isa = XCRemoteSwiftPackageReference;
			repositoryURL = "https://github.com/gonzalezreal/swift-markdown-ui";
			requirement = {
				kind = upToNextMajorVersion;
				minimumVersion = 2.4.1;
			};
		};
/* End XCRemoteSwiftPackageReference section */

/* Begin XCSwiftPackageProductDependency section */
		F7465CD32D8D938300C815DB /* GoogleGenerativeAI */ = {
			isa = XCSwiftPackageProductDependency;
			package = F7465CD22D8D933300C815DB /* XCRemoteSwiftPackageReference "generative-ai-swift" */;
			productName = GoogleGenerativeAI;
		};
		F7AFC1E32D8ECF0F00BFE10F /* MarkdownUI */ = {
			isa = XCSwiftPackageProductDependency;
			package = F7AFC1E22D8ECF0F00BFE10F /* XCRemoteSwiftPackageReference "swift-markdown-ui" */;
			productName = MarkdownUI;
		};
/* End XCSwiftPackageProductDependency section */
	};
	rootObject = C737EE142D85029400DC5168 /* Project object */;
}
